Microsoft Visual Studio Solution File, Format Version 12.00
# Visual Studio Version 17
VisualStudioVersion = 17.0.31611.283
MinimumVisualStudioVersion = 10.0.40219.1
Project("{9A19103F-16F7-4668-BE54-9A1E7A4F7556}") = "BasicExample", "BasicExample\BasicExample.csproj", "{C3F9619C-A296-46B9-961E-B63C5D469048}"
EndProject
Project("{2150E333-8FDC-42A3-9474-1A3956D46DE8}") = "Solution Items", "Solution Items", "{FF73616A-484F-4A7B-B201-A2D7A76E2963}"
	ProjectSection(SolutionItems) = preProject
		.editorconfig = .editorconfig
		global.json = global.json
	EndProjectSection
EndProject
Project("{2150E333-8FDC-42A3-9474-1A3956D46DE8}") = "Taiizor.Essentials.Maui", "Taiizor.Essentials.Maui", "{51EBCE87-4BB0-480B-B449-A1D7ED441486}"
EndProject
Project("{2150E333-8FDC-42A3-9474-1A3956D46DE8}") = "Taiizor.Essentials.Maui.AppCenter", "Taiizor.Essentials.Maui.AppCenter", "{CCE35AF2-646D-4B12-B420-51DD98C6DD26}"
EndProject
Project("{2150E333-8FDC-42A3-9474-1A3956D46DE8}") = "Usage", "Usage", "{B285700E-F3E5-4BF6-918E-7F20E9836FD9}"
EndProject
Project("{2150E333-8FDC-42A3-9474-1A3956D46DE8}") = "Usage", "Usage", "{6FF039BA-A53C-487A-804B-EC085B7E3BFC}"
EndProject
Project("{9A19103F-16F7-4668-BE54-9A1E7A4F7556}") = "Initialize", "Taiizor.Essentials.Maui\Usage\Initialize\Initialize.csproj", "{24CF7145-01FF-427F-9706-0DDA7242286A}"
EndProject
Project("{9A19103F-16F7-4668-BE54-9A1E7A4F7556}") = "Initialize", "Taiizor.Essentials.Maui.AppCenter\Usage\Initialize\Initialize.csproj", "{884AEA66-6760-4F3F-9B2F-2C31F8242E75}"
EndProject
Project("{2150E333-8FDC-42A3-9474-1A3956D46DE8}") = "Mutex", "Mutex", "{22E5110B-8A7F-4757-8A5C-C9ACA2F975CA}"
EndProject
Project("{9A19103F-16F7-4668-BE54-9A1E7A4F7556}") = "Basic", "Taiizor.Essentials.Maui\Mutex\Basic\Basic.csproj", "{E8FFF323-6F1B-46F8-8B90-62A70CE5077D}"
EndProject
Project("{9A19103F-16F7-4668-BE54-9A1E7A4F7556}") = "Simple", "Taiizor.Essentials.Maui\Mutex\Simple\Simple.csproj", "{9B22B057-EAB5-4F79-AABB-E5CB3B49F6C3}"
EndProject
Project("{2150E333-8FDC-42A3-9474-1A3956D46DE8}") = "Taiizor.Essentials.Maui.Conforyon", "Taiizor.Essentials.Maui.Conforyon", "{18C553AC-4512-48D7-BBAF-74B09C0ECC6C}"
EndProject
Project("{2150E333-8FDC-42A3-9474-1A3956D46DE8}") = "Usage", "Usage", "{434C6207-BB8D-49B8-AED3-470636AD9172}"
EndProject
Project("{9A19103F-16F7-4668-BE54-9A1E7A4F7556}") = "Initialize", "Taiizor.Essentials.Maui.Conforyon\Usage\Initialize\Initialize.csproj", "{3CF61D04-953D-4FDA-B464-F4F10E6588B0}"
EndProject
Global
	GlobalSection(SolutionConfigurationPlatforms) = preSolution
		Debug|Any CPU = Debug|Any CPU
		Release|Any CPU = Release|Any CPU
	EndGlobalSection
	GlobalSection(ProjectConfigurationPlatforms) = postSolution
		{C3F9619C-A296-46B9-961E-B63C5D469048}.Debug|Any CPU.ActiveCfg = Debug|Any CPU
		{C3F9619C-A296-46B9-961E-B63C5D469048}.Debug|Any CPU.Build.0 = Debug|Any CPU
		{C3F9619C-A296-46B9-961E-B63C5D469048}.Debug|Any CPU.Deploy.0 = Debug|Any CPU
		{C3F9619C-A296-46B9-961E-B63C5D469048}.Release|Any CPU.ActiveCfg = Release|Any CPU
		{C3F9619C-A296-46B9-961E-B63C5D469048}.Release|Any CPU.Build.0 = Release|Any CPU
		{C3F9619C-A296-46B9-961E-B63C5D469048}.Release|Any CPU.Deploy.0 = Release|Any CPU
		{24CF7145-01FF-427F-9706-0DDA7242286A}.Debug|Any CPU.ActiveCfg = Debug|Any CPU
		{24CF7145-01FF-427F-9706-0DDA7242286A}.Debug|Any CPU.Build.0 = Debug|Any CPU
		{24CF7145-01FF-427F-9706-0DDA7242286A}.Debug|Any CPU.Deploy.0 = Debug|Any CPU
		{24CF7145-01FF-427F-9706-0DDA7242286A}.Release|Any CPU.ActiveCfg = Release|Any CPU
		{24CF7145-01FF-427F-9706-0DDA7242286A}.Release|Any CPU.Build.0 = Release|Any CPU
		{24CF7145-01FF-427F-9706-0DDA7242286A}.Release|Any CPU.Deploy.0 = Release|Any CPU
		{884AEA66-6760-4F3F-9B2F-2C31F8242E75}.Debug|Any CPU.ActiveCfg = Debug|Any CPU
		{884AEA66-6760-4F3F-9B2F-2C31F8242E75}.Debug|Any CPU.Build.0 = Debug|Any CPU
		{884AEA66-6760-4F3F-9B2F-2C31F8242E75}.Debug|Any CPU.Deploy.0 = Debug|Any CPU
		{884AEA66-6760-4F3F-9B2F-2C31F8242E75}.Release|Any CPU.ActiveCfg = Release|Any CPU
		{884AEA66-6760-4F3F-9B2F-2C31F8242E75}.Release|Any CPU.Build.0 = Release|Any CPU
		{884AEA66-6760-4F3F-9B2F-2C31F8242E75}.Release|Any CPU.Deploy.0 = Release|Any CPU
		{E8FFF323-6F1B-46F8-8B90-62A70CE5077D}.Debug|Any CPU.ActiveCfg = Debug|Any CPU
		{E8FFF323-6F1B-46F8-8B90-62A70CE5077D}.Debug|Any CPU.Build.0 = Debug|Any CPU
		{E8FFF323-6F1B-46F8-8B90-62A70CE5077D}.Debug|Any CPU.Deploy.0 = Debug|Any CPU
		{E8FFF323-6F1B-46F8-8B90-62A70CE5077D}.Release|Any CPU.ActiveCfg = Release|Any CPU
		{E8FFF323-6F1B-46F8-8B90-62A70CE5077D}.Release|Any CPU.Build.0 = Release|Any CPU
		{E8FFF323-6F1B-46F8-8B90-62A70CE5077D}.Release|Any CPU.Deploy.0 = Release|Any CPU
		{9B22B057-EAB5-4F79-AABB-E5CB3B49F6C3}.Debug|Any CPU.ActiveCfg = Debug|Any CPU
		{9B22B057-EAB5-4F79-AABB-E5CB3B49F6C3}.Debug|Any CPU.Build.0 = Debug|Any CPU
		{9B22B057-EAB5-4F79-AABB-E5CB3B49F6C3}.Debug|Any CPU.Deploy.0 = Debug|Any CPU
		{9B22B057-EAB5-4F79-AABB-E5CB3B49F6C3}.Release|Any CPU.ActiveCfg = Release|Any CPU
		{9B22B057-EAB5-4F79-AABB-E5CB3B49F6C3}.Release|Any CPU.Build.0 = Release|Any CPU
		{9B22B057-EAB5-4F79-AABB-E5CB3B49F6C3}.Release|Any CPU.Deploy.0 = Release|Any CPU
		{3CF61D04-953D-4FDA-B464-F4F10E6588B0}.Debug|Any CPU.ActiveCfg = Debug|Any CPU
		{3CF61D04-953D-4FDA-B464-F4F10E6588B0}.Debug|Any CPU.Build.0 = Debug|Any CPU
		{3CF61D04-953D-4FDA-B464-F4F10E6588B0}.Debug|Any CPU.Deploy.0 = Debug|Any CPU
		{3CF61D04-953D-4FDA-B464-F4F10E6588B0}.Release|Any CPU.ActiveCfg = Release|Any CPU
		{3CF61D04-953D-4FDA-B464-F4F10E6588B0}.Release|Any CPU.Build.0 = Release|Any CPU
		{3CF61D04-953D-4FDA-B464-F4F10E6588B0}.Release|Any CPU.Deploy.0 = Release|Any CPU
	EndGlobalSection
	GlobalSection(SolutionProperties) = preSolution
		HideSolutionNode = FALSE
	EndGlobalSection
	GlobalSection(NestedProjects) = preSolution
		{B285700E-F3E5-4BF6-918E-7F20E9836FD9} = {51EBCE87-4BB0-480B-B449-A1D7ED441486}
		{6FF039BA-A53C-487A-804B-EC085B7E3BFC} = {CCE35AF2-646D-4B12-B420-51DD98C6DD26}
		{24CF7145-01FF-427F-9706-0DDA7242286A} = {B285700E-F3E5-4BF6-918E-7F20E9836FD9}
		{884AEA66-6760-4F3F-9B2F-2C31F8242E75} = {6FF039BA-A53C-487A-804B-EC085B7E3BFC}
		{22E5110B-8A7F-4757-8A5C-C9ACA2F975CA} = {51EBCE87-4BB0-480B-B449-A1D7ED441486}
		{E8FFF323-6F1B-46F8-8B90-62A70CE5077D} = {22E5110B-8A7F-4757-8A5C-C9ACA2F975CA}
		{9B22B057-EAB5-4F79-AABB-E5CB3B49F6C3} = {22E5110B-8A7F-4757-8A5C-C9ACA2F975CA}
		{434C6207-BB8D-49B8-AED3-470636AD9172} = {18C553AC-4512-48D7-BBAF-74B09C0ECC6C}
		{3CF61D04-953D-4FDA-B464-F4F10E6588B0} = {434C6207-BB8D-49B8-AED3-470636AD9172}
	EndGlobalSection
	GlobalSection(ExtensibilityGlobals) = postSolution
		SolutionGuid = {61F7FB11-1E47-470C-91E2-47F8143E1572}
	EndGlobalSection
EndGlobal
