
Microsoft Visual Studio Solution File, Format Version 12.00
# Visual Studio Version 17
VisualStudioVersion = 17.3.32825.248
MinimumVisualStudioVersion = 10.0.40219.1
Project("{FAE04EC0-301F-11D3-BF4B-00C04F79EFBC}") = "Taiizor.Essentials.Maui", "Taiizor.Essentials.Maui\Taiizor.Essentials.Maui.csproj", "{A7C29429-C953-4A1F-9928-D0F0F581B7B2}"
EndProject
Global
	GlobalSection(SolutionConfigurationPlatforms) = preSolution
		Debug|Any CPU = Debug|Any CPU
		Release|Any CPU = Release|Any CPU
	EndGlobalSection
	GlobalSection(ProjectConfigurationPlatforms) = postSolution
		{A7C29429-C953-4A1F-9928-D0F0F581B7B2}.Debug|Any CPU.ActiveCfg = Debug|Any CPU
		{A7C29429-C953-4A1F-9928-D0F0F581B7B2}.Debug|Any CPU.Build.0 = Debug|Any CPU
		{A7C29429-C953-4A1F-9928-D0F0F581B7B2}.Release|Any CPU.ActiveCfg = Release|Any CPU
		{A7C29429-C953-4A1F-9928-D0F0F581B7B2}.Release|Any CPU.Build.0 = Release|Any CPU
	EndGlobalSection
	GlobalSection(SolutionProperties) = preSolution
		HideSolutionNode = FALSE
	EndGlobalSection
	GlobalSection(ExtensibilityGlobals) = postSolution
		SolutionGuid = {8CDCBCEB-6086-4894-9265-AFCCBFEDDBEA}
	EndGlobalSection
EndGlobal
